// !$*UTF8*$!
{
	archiveVersion = 1;
	classes = {
	};
	objectVersion = 51;
	objects = {

/* Begin PBXBuildFile section */
		190EABCA2242B8AF0063FC36 /* AppDelegate.swift in Sources */ = {isa = PBXBuildFile; fileRef = 190EABC92242B8AF0063FC36 /* AppDelegate.swift */; };
		190EABCC2242B8AF0063FC36 /* ViewController.swift in Sources */ = {isa = PBXBuildFile; fileRef = 190EABCB2242B8AF0063FC36 /* ViewController.swift */; };
		190EABCF2242B8AF0063FC36 /* Main.storyboard in Resources */ = {isa = PBXBuildFile; fileRef = 190EABCD2242B8AF0063FC36 /* Main.storyboard */; };
		190EABD12242B8B10063FC36 /* Assets.xcassets in Resources */ = {isa = PBXBuildFile; fileRef = 190EABD02242B8B10063FC36 /* Assets.xcassets */; };
		190EABD42242B8B10063FC36 /* LaunchScreen.storyboard in Resources */ = {isa = PBXBuildFile; fileRef = 190EABD22242B8B10063FC36 /* LaunchScreen.storyboard */; };
		190EABDC2242BA6E0063FC36 /* MyPageViewController.swift in Sources */ = {isa = PBXBuildFile; fileRef = 190EABDB2242BA6E0063FC36 /* MyPageViewController.swift */; };
/* End PBXBuildFile section */

/* Begin PBXFileReference section */
		190EABC62242B8AF0063FC36 /* PageViewControllerDelegate.app */ = {isa = PBXFileReference; explicitFileType = wrapper.application; includeInIndex = 0; path = PageViewControllerDelegate.app; sourceTree = BUILT_PRODUCTS_DIR; };
		190EABC92242B8AF0063FC36 /* AppDelegate.swift */ = {isa = PBXFileReference; lastKnownFileType = sourcecode.swift; path = AppDelegate.swift; sourceTree = "<group>"; };
		190EABCB2242B8AF0063FC36 /* ViewController.swift */ = {isa = PBXFileReference; lastKnownFileType = sourcecode.swift; path = ViewController.swift; sourceTree = "<group>"; };
		190EABCE2242B8AF0063FC36 /* Base */ = {isa = PBXFileReference; lastKnownFileType = file.storyboard; name = Base; path = Base.lproj/Main.storyboard; sourceTree = "<group>"; };
		190EABD02242B8B10063FC36 /* Assets.xcassets */ = {isa = PBXFileReference; lastKnownFileType = folder.assetcatalog; path = Assets.xcassets; sourceTree = "<group>"; };
		190EABD32242B8B10063FC36 /* Base */ = {isa = PBXFileReference; lastKnownFileType = file.storyboard; name = Base; path = Base.lproj/LaunchScreen.storyboard; sourceTree = "<group>"; };
		190EABD52242B8B10063FC36 /* Info.plist */ = {isa = PBXFileReference; lastKnownFileType = text.plist.xml; path = Info.plist; sourceTree = "<group>"; };
		190EABDB2242BA6E0063FC36 /* MyPageViewController.swift */ = {isa = PBXFileReference; lastKnownFileType = sourcecode.swift; path = MyPageViewController.swift; sourceTree = "<group>"; };
/* End PBXFileReference section */

/* Begin PBXFrameworksBuildPhase section */
		190EABC32242B8AF0063FC36 /* Frameworks */ = {
			isa = PBXFrameworksBuildPhase;
			buildActionMask = 2147483647;
			files = (
			);
			runOnlyForDeploymentPostprocessing = 0;
		};
/* End PBXFrameworksBuildPhase section */

/* Begin PBXGroup section */
		190EABBD2242B8AF0063FC36 = {
			isa = PBXGroup;
			children = (
				190EABC82242B8AF0063FC36 /* PageViewControllerDelegate */,
				190EABC72242B8AF0063FC36 /* Products */,
			);
			sourceTree = "<group>";
		};
		190EABC72242B8AF0063FC36 /* Products */ = {
			isa = PBXGroup;
			children = (
				190EABC62242B8AF0063FC36 /* PageViewControllerDelegate.app */,
			);
			name = Products;
			sourceTree = "<group>";
		};
		190EABC82242B8AF0063FC36 /* PageViewControllerDelegate */ = {
			isa = PBXGroup;
			children = (
				190EABC92242B8AF0063FC36 /* AppDelegate.swift */,
				190EABCB2242B8AF0063FC36 /* ViewController.swift */,
				190EABDB2242BA6E0063FC36 /* MyPageViewController.swift */,
				190EABCD2242B8AF0063FC36 /* Main.storyboard */,
				190EABD02242B8B10063FC36 /* Assets.xcassets */,
				190EABD22242B8B10063FC36 /* LaunchScreen.storyboard */,
				190EABD52242B8B10063FC36 /* Info.plist */,
			);
			path = PageViewControllerDelegate;
			sourceTree = "<group>";
		};
/* End PBXGroup section */

/* Begin PBXNativeTarget section */
		190EABC52242B8AF0063FC36 /* PageViewControllerDelegate */ = {
			isa = PBXNativeTarget;
			buildConfigurationList = 190EABD82242B8B10063FC36 /* Build configuration list for PBXNativeTarget "PageViewControllerDelegate" */;
			buildPhases = (
				190EABC22242B8AF0063FC36 /* Sources */,
				190EABC32242B8AF0063FC36 /* Frameworks */,
				190EABC42242B8AF0063FC36 /* Resources */,
			);
			buildRules = (
			);
			dependencies = (
			);
			name = PageViewControllerDelegate;
			productName = PageViewControllerDelegate;
			productReference = 190EABC62242B8AF0063FC36 /* PageViewControllerDelegate.app */;
			productType = "com.apple.product-type.application";
		};
/* End PBXNativeTarget section */

/* Begin PBXProject section */
		190EABBE2242B8AF0063FC36 /* Project object */ = {
			isa = PBXProject;
			attributes = {
				LastSwiftUpdateCheck = 1010;
				LastUpgradeCheck = 1010;
				ORGANIZATIONNAME = 353;
				TargetAttributes = {
					190EABC52242B8AF0063FC36 = {
						CreatedOnToolsVersion = 10.1;
					};
				};
			};
			buildConfigurationList = 190EABC12242B8AF0063FC36 /* Build configuration list for PBXProject "PageViewControllerDelegate" */;
			compatibilityVersion = "Xcode 10.0";
			developmentRegion = en;
			hasScannedForEncodings = 0;
			knownRegions = (
				en,
				Base,
			);
			mainGroup = 190EABBD2242B8AF0063FC36;
			productRefGroup = 190EABC72242B8AF0063FC36 /* Products */;
			projectDirPath = "";
			projectRoot = "";
			targets = (
				190EABC52242B8AF0063FC36 /* PageViewControllerDelegate */,
			);
		};
/* End PBXProject section */

/* Begin PBXResourcesBuildPhase section */
		190EABC42242B8AF0063FC36 /* Resources */ = {
			isa = PBXResourcesBuildPhase;
			buildActionMask = 2147483647;
			files = (
				190EABD42242B8B10063FC36 /* LaunchScreen.storyboard in Resources */,
				190EABD12242B8B10063FC36 /* Assets.xcassets in Resources */,
				190EABCF2242B8AF0063FC36 /* Main.storyboard in Resources */,
			);
			runOnlyForDeploymentPostprocessing = 0;
		};
/* End PBXResourcesBuildPhase section */

/* Begin PBXSourcesBuildPhase section */
		190EABC22242B8AF0063FC36 /* Sources */ = {
			isa = PBXSourcesBuildPhase;
			buildActionMask = 2147483647;
			files = (
				190EABCC2242B8AF0063FC36 /* ViewController.swift in Sources */,
				190EABDC2242BA6E0063FC36 /* MyPageViewController.swift in Sources */,
				190EABCA2242B8AF0063FC36 /* AppDelegate.swift in Sources */,
			);
			runOnlyForDeploymentPostprocessing = 0;
		};
/* End PBXSourcesBuildPhase section */

/* Begin PBXVariantGroup section */
		190EABCD2242B8AF0063FC36 /* Main.storyboard */ = {
			isa = PBXVariantGroup;
			children = (
				190EABCE2242B8AF0063FC36 /* Base */,
			);
			name = Main.storyboard;
			sourceTree = "<group>";
		};
		190EABD22242B8B10063FC36 /* LaunchScreen.storyboard */ = {
			isa = PBXVariantGroup;
			children = (
				190EABD32242B8B10063FC36 /* Base */,
			);
			name = LaunchScreen.storyboard;
			sourceTree = "<group>";
		};
/* End PBXVariantGroup section */

/* Begin XCBuildConfiguration section */
		190EABD62242B8B10063FC36 /* Debug */ = {
			isa = XCBuildConfiguration;
			buildSettings = {
				ALWAYS_SEARCH_USER_PATHS = NO;
				CLANG_ANALYZER_NONNULL = YES;
				CLANG_ANALYZER_NUMBER_OBJECT_CONVERSION = YES_AGGRESSIVE;
				CLANG_CXX_LANGUAGE_STANDARD = "gnu++14";
				CLANG_CXX_LIBRARY = "libc++";
				CLANG_ENABLE_MODULES = YES;
				CLANG_ENABLE_OBJC_ARC = YES;
				CLANG_ENABLE_OBJC_WEAK = YES;
				CLANG_WARN_BLOCK_CAPTURE_AUTORELEASING = YES;
				CLANG_WARN_BOOL_CONVERSION = YES;
				CLANG_WARN_COMMA = YES;
				CLANG_WARN_CONSTANT_CONVERSION = YES;
				CLANG_WARN_DEPRECATED_OBJC_IMPLEMENTATIONS = YES;
				CLANG_WARN_DIRECT_OBJC_ISA_USAGE = YES_ERROR;
				CLANG_WARN_DOCUMENTATION_COMMENTS = YES;
				CLANG_WARN_EMPTY_BODY = YES;
				CLANG_WARN_ENUM_CONVERSION = YES;
				CLANG_WARN_INFINITE_RECURSION = YES;
				CLANG_WARN_INT_CONVERSION = YES;
				CLANG_WARN_NON_LITERAL_NULL_CONVERSION = YES;
				CLANG_WARN_OBJC_IMPLICIT_RETAIN_SELF = YES;
				CLANG_WARN_OBJC_LITERAL_CONVERSION = YES;
				CLANG_WARN_OBJC_ROOT_CLASS = YES_ERROR;
				CLANG_WARN_RANGE_LOOP_ANALYSIS = YES;
				CLANG_WARN_STRICT_PROTOTYPES = YES;
				CLANG_WARN_SUSPICIOUS_MOVE = YES;
				CLANG_WARN_UNGUARDED_AVAILABILITY = YES_AGGRESSIVE;
				CLANG_WARN_UNREACHABLE_CODE = YES;
				CLANG_WARN__DUPLICATE_METHOD_MATCH = YES;
				CODE_SIGN_IDENTITY = "iPhone Developer";
				COPY_PHASE_STRIP = NO;
				DEBUG_INFORMATION_FORMAT = dwarf;
				ENABLE_STRICT_OBJC_MSGSEND = YES;
				ENABLE_TESTABILITY = YES;
				GCC_C_LANGUAGE_STANDARD = gnu11;
				GCC_DYNAMIC_NO_PIC = NO;
				GCC_NO_COMMON_BLOCKS = YES;
				GCC_OPTIMIZATION_LEVEL = 0;
				GCC_PREPROCESSOR_DEFINITIONS = (
					"DEBUG=1",
					"$(inherited)",
				);
				GCC_WARN_64_TO_32_BIT_CONVERSION = YES;
				GCC_WARN_ABOUT_RETURN_TYPE = YES_ERROR;
				GCC_WARN_UNDECLARED_SELECTOR = YES;
				GCC_WARN_UNINITIALIZED_AUTOS = YES_AGGRESSIVE;
				GCC_WARN_UNUSED_FUNCTION = YES;
				GCC_WARN_UNUSED_VARIABLE = YES;
				IPHONEOS_DEPLOYMENT_TARGET = 12.1;
				MTL_ENABLE_DEBUG_INFO = INCLUDE_SOURCE;
				MTL_FAST_MATH = YES;
				ONLY_ACTIVE_ARCH = YES;
				SDKROOT = iphoneos;
				SWIFT_ACTIVE_COMPILATION_CONDITIONS = DEBUG;
				SWIFT_OPTIMIZATION_LEVEL = "-Onone";
			};
			name = Debug;
		};
		190EABD72242B8B10063FC36 /* Release */ = {
			isa = XCBuildConfiguration;
			buildSettings = {
				ALWAYS_SEARCH_USER_PATHS = NO;
				CLANG_ANALYZER_NONNULL = YES;
				CLANG_ANALYZER_NUMBER_OBJECT_CONVERSION = YES_AGGRESSIVE;
				CLANG_CXX_LANGUAGE_STANDARD = "gnu++14";
				CLANG_CXX_LIBRARY = "libc++";
				CLANG_ENABLE_MODULES = YES;
				CLANG_ENABLE_OBJC_ARC = YES;
				CLANG_ENABLE_OBJC_WEAK = YES;
				CLANG_WARN_BLOCK_CAPTURE_AUTORELEASING = YES;
				CLANG_WARN_BOOL_CONVERSION = YES;
				CLANG_WARN_COMMA = YES;
				CLANG_WARN_CONSTANT_CONVERSION = YES;
				CLANG_WARN_DEPRECATED_OBJC_IMPLEMENTATIONS = YES;
				CLANG_WARN_DIRECT_OBJC_ISA_USAGE = YES_ERROR;
				CLANG_WARN_DOCUMENTATION_COMMENTS = YES;
				CLANG_WARN_EMPTY_BODY = YES;
				CLANG_WARN_ENUM_CONVERSION = YES;
				CLANG_WARN_INFINITE_RECURSION = YES;
				CLANG_WARN_INT_CONVERSION = YES;
				CLANG_WARN_NON_LITERAL_NULL_CONVERSION = YES;
				CLANG_WARN_OBJC_IMPLICIT_RETAIN_SELF = YES;
				CLANG_WARN_OBJC_LITERAL_CONVERSION = YES;
				CLANG_WARN_OBJC_ROOT_CLASS = YES_ERROR;
				CLANG_WARN_RANGE_LOOP_ANALYSIS = YES;
				CLANG_WARN_STRICT_PROTOTYPES = YES;
				CLANG_WARN_SUSPICIOUS_MOVE = YES;
				CLANG_WARN_UNGUARDED_AVAILABILITY = YES_AGGRESSIVE;
				CLANG_WARN_UNREACHABLE_CODE = YES;
				CLANG_WARN__DUPLICATE_METHOD_MATCH = YES;
				CODE_SIGN_IDENTITY = "iPhone Developer";
				COPY_PHASE_STRIP = NO;
				DEBUG_INFORMATION_FORMAT = "dwarf-with-dsym";
				ENABLE_NS_ASSERTIONS = NO;
				ENABLE_STRICT_OBJC_MSGSEND = YES;
				GCC_C_LANGUAGE_STANDARD = gnu11;
				GCC_NO_COMMON_BLOCKS = YES;
				GCC_WARN_64_TO_32_BIT_CONVERSION = YES;
				GCC_WARN_ABOUT_RETURN_TYPE = YES_ERROR;
				GCC_WARN_UNDECLARED_SELECTOR = YES;
				GCC_WARN_UNINITIALIZED_AUTOS = YES_AGGRESSIVE;
				GCC_WARN_UNUSED_FUNCTION = YES;
				GCC_WARN_UNUSED_VARIABLE = YES;
				IPHONEOS_DEPLOYMENT_TARGET = 12.1;
				MTL_ENABLE_DEBUG_INFO = NO;
				MTL_FAST_MATH = YES;
				SDKROOT = iphoneos;
				SWIFT_COMPILATION_MODE = wholemodule;
				SWIFT_OPTIMIZATION_LEVEL = "-O";
				VALIDATE_PRODUCT = YES;
			};
			name = Release;
		};
		190EABD92242B8B10063FC36 /* Debug */ = {
			isa = XCBuildConfiguration;
			buildSettings = {
				ASSETCATALOG_COMPILER_APPICON_NAME = AppIcon;
				CODE_SIGN_STYLE = Automatic;
				DEVELOPMENT_TEAM = VAD68YH3ZG;
				INFOPLIST_FILE = PageViewControllerDelegate/Info.plist;
				LD_RUNPATH_SEARCH_PATHS = (
					"$(inherited)",
					"@executable_path/Frameworks",
				);
				PRODUCT_BUNDLE_IDENTIFIER = Den.PageViewControllerDelegate;
				PRODUCT_NAME = "$(TARGET_NAME)";
				SWIFT_VERSION = 4.2;
				TARGETED_DEVICE_FAMILY = "1,2";
			};
			name = Debug;
		};
		190EABDA2242B8B10063FC36 /* Release */ = {
			isa = XCBuildConfiguration;
			buildSettings = {
				ASSETCATALOG_COMPILER_APPICON_NAME = AppIcon;
				CODE_SIGN_STYLE = Automatic;
				DEVELOPMENT_TEAM = VAD68YH3ZG;
				INFOPLIST_FILE = PageViewControllerDelegate/Info.plist;
				LD_RUNPATH_SEARCH_PATHS = (
					"$(inherited)",
					"@executable_path/Frameworks",
				);
				PRODUCT_BUNDLE_IDENTIFIER = Den.PageViewControllerDelegate;
				PRODUCT_NAME = "$(TARGET_NAME)";
				SWIFT_VERSION = 4.2;
				TARGETED_DEVICE_FAMILY = "1,2";
			};
			name = Release;
		};
/* End XCBuildConfiguration section */

/* Begin XCConfigurationList section */
		190EABC12242B8AF0063FC36 /* Build configuration list for PBXProject "PageViewControllerDelegate" */ = {
			isa = XCConfigurationList;
			buildConfigurations = (
				190EABD62242B8B10063FC36 /* Debug */,
				190EABD72242B8B10063FC36 /* Release */,
			);
			defaultConfigurationIsVisible = 0;
			defaultConfigurationName = Release;
		};
		190EABD82242B8B10063FC36 /* Build configuration list for PBXNativeTarget "PageViewControllerDelegate" */ = {
			isa = XCConfigurationList;
			buildConfigurations = (
				190EABD92242B8B10063FC36 /* Debug */,
				190EABDA2242B8B10063FC36 /* Release */,
			);
			defaultConfigurationIsVisible = 0;
			defaultConfigurationName = Release;
		};
/* End XCConfigurationList section */
	};
	rootObject = 190EABBE2242B8AF0063FC36 /* Project object */;
}
